
Microsoft Visual Studio Solution File, Format Version 12.00
# Visual Studio 15
VisualStudioVersion = 15.0.27004.2009
MinimumVisualStudioVersion = 10.0.40219.1
Project("{9A19103F-16F7-4668-BE54-9A1E7A4F7556}") = "01.01", "01.01\01.01.csproj", "{A166925E-57F7-476C-9F4A-1D30E6D4FB0C}"
EndProject
Project("{9A19103F-16F7-4668-BE54-9A1E7A4F7556}") = "01.02", "01.02\01.02.csproj", "{D83BCBF4-144A-4725-83C6-EC90A22180E2}"
EndProject
Project("{9A19103F-16F7-4668-BE54-9A1E7A4F7556}") = "02.01", "02.01\02.01.csproj", "{C61D6BF2-A582-4D12-ADF3-38CE4DC49D8B}"
EndProject
Project("{9A19103F-16F7-4668-BE54-9A1E7A4F7556}") = "02.02", "02.02\02.02.csproj", "{8EFF84E9-CBF9-405C-97AC-99A51B7ED302}"
EndProject
Project("{9A19103F-16F7-4668-BE54-9A1E7A4F7556}") = "03.01", "03.01\03.01.csproj", "{1FF2B7CD-88AE-4894-A5BF-D002FC24F8CA}"
EndProject
Project("{9A19103F-16F7-4668-BE54-9A1E7A4F7556}") = "03.02", "03.02\03.02.csproj", "{351CFE77-E779-4524-8F46-56CA22B45A74}"
EndProject
Project("{9A19103F-16F7-4668-BE54-9A1E7A4F7556}") = "04.01", "04.01\04.01.csproj", "{EA1156EA-4F11-4965-804F-6E170600CC03}"
EndProject
Project("{9A19103F-16F7-4668-BE54-9A1E7A4F7556}") = "04.02", "04.02\04.02.csproj", "{9FF416AD-38CC-4FF8-9798-37B7C593D6C5}"
EndProject
Project("{9A19103F-16F7-4668-BE54-9A1E7A4F7556}") = "05.01", "05.01\05.01.csproj", "{6E233FA7-2A8C-48BE-933D-0DBD6B80B85E}"
EndProject
Project("{9A19103F-16F7-4668-BE54-9A1E7A4F7556}") = "05.02", "05.02\05.02.csproj", "{11609B75-E1F4-401D-8085-3AC7BDABA2D6}"
EndProject
Project("{FAE04EC0-301F-11D3-BF4B-00C04F79EFBC}") = "08.01", "08.01\08.01.csproj", "{EFD0421E-4886-40A9-ADAC-8C4F7E8170A8}"
EndProject
Project("{FAE04EC0-301F-11D3-BF4B-00C04F79EFBC}") = "08.02", "08.02\08.02.csproj", "{5D79250E-866A-4A53-9C2C-D8AAA915713D}"
EndProject
Global
	GlobalSection(SolutionConfigurationPlatforms) = preSolution
		Debug|Any CPU = Debug|Any CPU
		Release|Any CPU = Release|Any CPU
	EndGlobalSection
	GlobalSection(ProjectConfigurationPlatforms) = postSolution
		{A166925E-57F7-476C-9F4A-1D30E6D4FB0C}.Debug|Any CPU.ActiveCfg = Debug|Any CPU
		{A166925E-57F7-476C-9F4A-1D30E6D4FB0C}.Debug|Any CPU.Build.0 = Debug|Any CPU
		{A166925E-57F7-476C-9F4A-1D30E6D4FB0C}.Release|Any CPU.ActiveCfg = Release|Any CPU
		{A166925E-57F7-476C-9F4A-1D30E6D4FB0C}.Release|Any CPU.Build.0 = Release|Any CPU
		{D83BCBF4-144A-4725-83C6-EC90A22180E2}.Debug|Any CPU.ActiveCfg = Debug|Any CPU
		{D83BCBF4-144A-4725-83C6-EC90A22180E2}.Debug|Any CPU.Build.0 = Debug|Any CPU
		{D83BCBF4-144A-4725-83C6-EC90A22180E2}.Release|Any CPU.ActiveCfg = Release|Any CPU
		{D83BCBF4-144A-4725-83C6-EC90A22180E2}.Release|Any CPU.Build.0 = Release|Any CPU
		{C61D6BF2-A582-4D12-ADF3-38CE4DC49D8B}.Debug|Any CPU.ActiveCfg = Debug|Any CPU
		{C61D6BF2-A582-4D12-ADF3-38CE4DC49D8B}.Debug|Any CPU.Build.0 = Debug|Any CPU
		{C61D6BF2-A582-4D12-ADF3-38CE4DC49D8B}.Release|Any CPU.ActiveCfg = Release|Any CPU
		{C61D6BF2-A582-4D12-ADF3-38CE4DC49D8B}.Release|Any CPU.Build.0 = Release|Any CPU
		{8EFF84E9-CBF9-405C-97AC-99A51B7ED302}.Debug|Any CPU.ActiveCfg = Debug|Any CPU
		{8EFF84E9-CBF9-405C-97AC-99A51B7ED302}.Debug|Any CPU.Build.0 = Debug|Any CPU
		{8EFF84E9-CBF9-405C-97AC-99A51B7ED302}.Release|Any CPU.ActiveCfg = Release|Any CPU
		{8EFF84E9-CBF9-405C-97AC-99A51B7ED302}.Release|Any CPU.Build.0 = Release|Any CPU
		{1FF2B7CD-88AE-4894-A5BF-D002FC24F8CA}.Debug|Any CPU.ActiveCfg = Debug|Any CPU
		{1FF2B7CD-88AE-4894-A5BF-D002FC24F8CA}.Debug|Any CPU.Build.0 = Debug|Any CPU
		{1FF2B7CD-88AE-4894-A5BF-D002FC24F8CA}.Release|Any CPU.ActiveCfg = Release|Any CPU
		{1FF2B7CD-88AE-4894-A5BF-D002FC24F8CA}.Release|Any CPU.Build.0 = Release|Any CPU
		{351CFE77-E779-4524-8F46-56CA22B45A74}.Debug|Any CPU.ActiveCfg = Debug|Any CPU
		{351CFE77-E779-4524-8F46-56CA22B45A74}.Debug|Any CPU.Build.0 = Debug|Any CPU
		{351CFE77-E779-4524-8F46-56CA22B45A74}.Release|Any CPU.ActiveCfg = Release|Any CPU
		{351CFE77-E779-4524-8F46-56CA22B45A74}.Release|Any CPU.Build.0 = Release|Any CPU
		{EA1156EA-4F11-4965-804F-6E170600CC03}.Debug|Any CPU.ActiveCfg = Debug|Any CPU
		{EA1156EA-4F11-4965-804F-6E170600CC03}.Debug|Any CPU.Build.0 = Debug|Any CPU
		{EA1156EA-4F11-4965-804F-6E170600CC03}.Release|Any CPU.ActiveCfg = Release|Any CPU
		{EA1156EA-4F11-4965-804F-6E170600CC03}.Release|Any CPU.Build.0 = Release|Any CPU
		{9FF416AD-38CC-4FF8-9798-37B7C593D6C5}.Debug|Any CPU.ActiveCfg = Debug|Any CPU
		{9FF416AD-38CC-4FF8-9798-37B7C593D6C5}.Debug|Any CPU.Build.0 = Debug|Any CPU
		{9FF416AD-38CC-4FF8-9798-37B7C593D6C5}.Release|Any CPU.ActiveCfg = Release|Any CPU
		{9FF416AD-38CC-4FF8-9798-37B7C593D6C5}.Release|Any CPU.Build.0 = Release|Any CPU
		{6E233FA7-2A8C-48BE-933D-0DBD6B80B85E}.Debug|Any CPU.ActiveCfg = Debug|Any CPU
		{6E233FA7-2A8C-48BE-933D-0DBD6B80B85E}.Debug|Any CPU.Build.0 = Debug|Any CPU
		{6E233FA7-2A8C-48BE-933D-0DBD6B80B85E}.Release|Any CPU.ActiveCfg = Release|Any CPU
		{6E233FA7-2A8C-48BE-933D-0DBD6B80B85E}.Release|Any CPU.Build.0 = Release|Any CPU
		{11609B75-E1F4-401D-8085-3AC7BDABA2D6}.Debug|Any CPU.ActiveCfg = Debug|Any CPU
		{11609B75-E1F4-401D-8085-3AC7BDABA2D6}.Debug|Any CPU.Build.0 = Debug|Any CPU
		{11609B75-E1F4-401D-8085-3AC7BDABA2D6}.Release|Any CPU.ActiveCfg = Release|Any CPU
		{11609B75-E1F4-401D-8085-3AC7BDABA2D6}.Release|Any CPU.Build.0 = Release|Any CPU
		{EFD0421E-4886-40A9-ADAC-8C4F7E8170A8}.Debug|Any CPU.ActiveCfg = Debug|Any CPU
		{EFD0421E-4886-40A9-ADAC-8C4F7E8170A8}.Debug|Any CPU.Build.0 = Debug|Any CPU
		{EFD0421E-4886-40A9-ADAC-8C4F7E8170A8}.Release|Any CPU.ActiveCfg = Release|Any CPU
		{EFD0421E-4886-40A9-ADAC-8C4F7E8170A8}.Release|Any CPU.Build.0 = Release|Any CPU
		{5D79250E-866A-4A53-9C2C-D8AAA915713D}.Debug|Any CPU.ActiveCfg = Debug|Any CPU
		{5D79250E-866A-4A53-9C2C-D8AAA915713D}.Debug|Any CPU.Build.0 = Debug|Any CPU
		{5D79250E-866A-4A53-9C2C-D8AAA915713D}.Release|Any CPU.ActiveCfg = Release|Any CPU
		{5D79250E-866A-4A53-9C2C-D8AAA915713D}.Release|Any CPU.Build.0 = Release|Any CPU
	EndGlobalSection
	GlobalSection(SolutionProperties) = preSolution
		HideSolutionNode = FALSE
	EndGlobalSection
	GlobalSection(ExtensibilityGlobals) = postSolution
		SolutionGuid = {F3168C71-3CCF-4D52-8A4E-9E11F42EC586}
	EndGlobalSection
EndGlobal
